
Microsoft Visual Studio Solution File, Format Version 12.00
# Visual Studio 14
VisualStudioVersion = 14.0.25420.1
MinimumVisualStudioVersion = 10.0.40219.1
Project("{FAE04EC0-301F-11D3-BF4B-00C04F79EFBC}") = "MIMWebClient", "MIMWebClient\MIMWebClient.csproj", "{74CDF471-FA47-400E-97F9-D881D8AE8AA9}"
EndProject
Project("{FAE04EC0-301F-11D3-BF4B-00C04F79EFBC}") = "MIM.Test", "MIM.Test\MIM.Test.csproj", "{0A1C8E08-DBA8-4E35-A48D-E03BE4E5B1D4}"
EndProject
Global
	GlobalSection(SolutionConfigurationPlatforms) = preSolution
		Debug|Any CPU = Debug|Any CPU
		Release|Any CPU = Release|Any CPU
	EndGlobalSection
	GlobalSection(ProjectConfigurationPlatforms) = postSolution
		{74CDF471-FA47-400E-97F9-D881D8AE8AA9}.Debug|Any CPU.ActiveCfg = Debug|Any CPU
		{74CDF471-FA47-400E-97F9-D881D8AE8AA9}.Debug|Any CPU.Build.0 = Debug|Any CPU
		{74CDF471-FA47-400E-97F9-D881D8AE8AA9}.Release|Any CPU.ActiveCfg = Release|Any CPU
		{74CDF471-FA47-400E-97F9-D881D8AE8AA9}.Release|Any CPU.Build.0 = Release|Any CPU
		{0A1C8E08-DBA8-4E35-A48D-E03BE4E5B1D4}.Debug|Any CPU.ActiveCfg = Debug|Any CPU
		{0A1C8E08-DBA8-4E35-A48D-E03BE4E5B1D4}.Debug|Any CPU.Build.0 = Debug|Any CPU
		{0A1C8E08-DBA8-4E35-A48D-E03BE4E5B1D4}.Release|Any CPU.ActiveCfg = Release|Any CPU
		{0A1C8E08-DBA8-4E35-A48D-E03BE4E5B1D4}.Release|Any CPU.Build.0 = Release|Any CPU
	EndGlobalSection
	GlobalSection(SolutionProperties) = preSolution
		HideSolutionNode = FALSE
	EndGlobalSection
EndGlobal
